<?xml version="1.0" encoding="utf-8"?>
<Project ToolsVersion="4.0" xmlns="http://schemas.microsoft.com/developer/msbuild/2003">
  <ItemGroup>
    <Filter Include="源文件">
      <UniqueIdentifier>{4FC737F1-C7A5-4376-A066-2A32D752A2FF}</UniqueIdentifier>
      <Extensions>cpp;c;cc;cxx;def;odl;idl;hpj;bat;asm;asmx</Extensions>
    </Filter>
    <Filter Include="头文件">
      <UniqueIdentifier>{93995380-89BD-4b04-88EB-625FBE52EBFB}</UniqueIdentifier>
      <Extensions>h;hpp;hxx;hm;inl;inc;xsd</Extensions>
    </Filter>
    <Filter Include="资源文件">
      <UniqueIdentifier>{67DA6AB6-F800-4c08-8B7A-83BB121AAD01}</UniqueIdentifier>
      <Extensions>rc;ico;cur;bmp;dlg;rc2;rct;bin;rgs;gif;jpg;jpeg;jpe;resx;tiff;tif;png;wav;mfcribbon-ms</Extensions>
    </Filter>
  </ItemGroup>
  <ItemGroup>
    <ClCompile Include="..\source\bandwidth.cpp">
      <Filter>源文件</Filter>
    </ClCompile>
    <ClCompile Include="..\source\callinnerstruct.cpp">
      <Filter>源文件</Filter>
    </ClCompile>
    <ClCompile Include="..\source\callmgr.cpp">
      <Filter>源文件</Filter>
    </ClCompile>
    <ClCompile Include="..\source\callnodemgr.cpp">
      <Filter>源文件</Filter>
    </ClCompile>
    <ClCompile Include="..\source\callprint.cpp">
      <Filter>源文件</Filter>
    </ClCompile>
    <ClCompile Include="..\source\dataconfhandler.cpp">
      <Filter>源文件</Filter>
    </ClCompile>
    <ClCompile Include="..\source\dsnodepool.cpp">
      <Filter>源文件</Filter>
    </ClCompile>
    <ClCompile Include="..\source\dualmgr.cpp">
      <Filter>源文件</Filter>
    </ClCompile>
    <ClCompile Include="..\source\getvidaud.cpp">
      <Filter>源文件</Filter>
    </ClCompile>
    <ClCompile Include="..\source\nodefsm.cpp">
      <Filter>源文件</Filter>
    </ClCompile>
    <ClCompile Include="..\source\pollmgr.cpp">
      <Filter>源文件</Filter>
    </ClCompile>
    <ClCompile Include="..\source\procnodeds.cpp">
      <Filter>源文件</Filter>
    </ClCompile>
    <ClCompile Include="..\source\putaud.cpp">
      <Filter>源文件</Filter>
    </ClCompile>
    <ClCompile Include="..\source\selviewmgr.cpp">
      <Filter>源文件</Filter>
    </ClCompile>
    <ClCompile Include="..\source\tvwallmgr.cpp">
      <Filter>源文件</Filter>
    </ClCompile>
    <ClCompile Include="..\source\umsaudmix.cpp">
      <Filter>源文件</Filter>
    </ClCompile>
    <ClCompile Include="..\source\umsbas.cpp">
      <Filter>源文件</Filter>
    </ClCompile>
    <ClCompile Include="..\source\umsconfinst.cpp">
      <Filter>源文件</Filter>
    </ClCompile>
    <ClCompile Include="..\source\umsdiscussnew.cpp">
      <Filter>源文件</Filter>
    </ClCompile>
    <ClCompile Include="..\source\umseapu.cpp">
      <Filter>源文件</Filter>
    </ClCompile>
    <ClCompile Include="..\source\umseqpservice.cpp">
      <Filter>源文件</Filter>
    </ClCompile>
    <ClCompile Include="..\source\umsgetconfvidaud.cpp">
      <Filter>源文件</Filter>
    </ClCompile>
    <ClCompile Include="..\source\umsmcumgr.cpp">
      <Filter>源文件</Filter>
    </ClCompile>
    <ClCompile Include="..\source\umsnetportmgr.cpp">
      <Filter>源文件</Filter>
    </ClCompile>
    <ClCompile Include="..\source\umsreg.cpp">
      <Filter>源文件</Filter>
    </ClCompile>
    <ClCompile Include="..\source\umsrollcall.cpp">
      <Filter>源文件</Filter>
    </ClCompile>
    <ClCompile Include="..\source\umsstackinterface.cpp">
      <Filter>源文件</Filter>
    </ClCompile>
    <ClCompile Include="..\source\umsvmp.cpp">
      <Filter>源文件</Filter>
    </ClCompile>
    <ClCompile Include="..\source\vmpservicehandler.cpp">
      <Filter>源文件</Filter>
    </ClCompile>
    <ClCompile Include="..\source\querytmpalias.cpp">
      <Filter>源文件</Filter>
    </ClCompile>
  </ItemGroup>
  <ItemGroup>
    <ClInclude Include="..\include\bandwidth.h">
      <Filter>头文件</Filter>
    </ClInclude>
    <ClInclude Include="..\include\callinnerstruct.h">
      <Filter>头文件</Filter>
    </ClInclude>
    <ClInclude Include="..\include\callmgr.h">
      <Filter>头文件</Filter>
    </ClInclude>
    <ClInclude Include="..\include\callnodemgr.h">
      <Filter>头文件</Filter>
    </ClInclude>
    <ClInclude Include="..\include\dataconfhandler.h">
      <Filter>头文件</Filter>
    </ClInclude>
    <ClInclude Include="..\include\dslist.h">
      <Filter>头文件</Filter>
    </ClInclude>
    <ClInclude Include="..\include\dsnodepool.h">
      <Filter>头文件</Filter>
    </ClInclude>
    <ClInclude Include="..\include\dualmgr.h">
      <Filter>头文件</Filter>
    </ClInclude>
    <ClInclude Include="..\include\getvidaud.h">
      <Filter>头文件</Filter>
    </ClInclude>
    <ClInclude Include="..\include\nodefsm.h">
      <Filter>头文件</Filter>
    </ClInclude>
    <ClInclude Include="..\include\pollmgr.h">
      <Filter>头文件</Filter>
    </ClInclude>
    <ClInclude Include="..\include\procnodeds.h">
      <Filter>头文件</Filter>
    </ClInclude>
    <ClInclude Include="..\include\putaud.h">
      <Filter>头文件</Filter>
    </ClInclude>
    <ClInclude Include="..\include\selviewmgr.h">
      <Filter>头文件</Filter>
    </ClInclude>
    <ClInclude Include="..\include\tvwallmgr.h">
      <Filter>头文件</Filter>
    </ClInclude>
    <ClInclude Include="..\include\umsaudmix.h">
      <Filter>头文件</Filter>
    </ClInclude>
    <ClInclude Include="..\include\umsbas.h">
      <Filter>头文件</Filter>
    </ClInclude>
    <ClInclude Include="..\include\umsconfinst.h">
      <Filter>头文件</Filter>
    </ClInclude>
    <ClInclude Include="..\include\umsdiscussnew.h">
      <Filter>头文件</Filter>
    </ClInclude>
    <ClInclude Include="..\include\umseapu.h">
      <Filter>头文件</Filter>
    </ClInclude>
    <ClInclude Include="..\include\umseqpservice.h">
      <Filter>头文件</Filter>
    </ClInclude>
    <ClInclude Include="..\include\umsgetconfvidaud.h">
      <Filter>头文件</Filter>
    </ClInclude>
    <ClInclude Include="..\include\umsmcumgr.h">
      <Filter>头文件</Filter>
    </ClInclude>
    <ClInclude Include="..\include\umsnetportmgr.h">
      <Filter>头文件</Filter>
    </ClInclude>
    <ClInclude Include="..\include\umsreg.h">
      <Filter>头文件</Filter>
    </ClInclude>
    <ClInclude Include="..\include\umsrollcall.h">
      <Filter>头文件</Filter>
    </ClInclude>
    <ClInclude Include="..\include\umsstackinterface.h">
      <Filter>头文件</Filter>
    </ClInclude>
    <ClInclude Include="..\include\umsvmp.h">
      <Filter>头文件</Filter>
    </ClInclude>
    <ClInclude Include="..\include\vmpserviecehandler.h">
      <Filter>头文件</Filter>
    </ClInclude>
    <ClInclude Include="..\include\querytmpalias.h">
      <Filter>头文件</Filter>
    </ClInclude>
  </ItemGroup>
</Project>