
Microsoft Visual Studio Solution File, Format Version 11.00
# Visual Studio 2010
Project("{8BC9CEB8-8B4A-11D0-8D11-00A0C91BC942}") = "demotest", "demotest.vcxproj", "{BC88237F-CCFC-4DEA-A504-164A80075F89}"
EndProject
Project("{8BC9CEB8-8B4A-11D0-8D11-00A0C91BC942}") = "tpmsgmgr", "..\..\..\t0-luna\tpmsgmgr\prjvs2010\tpmsgmgr.vcxproj", "{80C575B7-E66D-437D-AE1F-8210FCA98382}"
EndProject
Project("{8BC9CEB8-8B4A-11D0-8D11-00A0C91BC942}") = "regserver", "..\..\regserver\prjvs2010\regserver.vcxproj", "{5DE1DFFC-A829-4CAD-BFDA-4A3C0F355F68}"
EndProject
Project("{8BC9CEB8-8B4A-11D0-8D11-00A0C91BC942}") = "umsapi", "..\..\umsapi\prjvs2010\umsapi.vcxproj", "{97E954B3-A0A0-4485-963C-349113855E5A}"
EndProject
Project("{8BC9CEB8-8B4A-11D0-8D11-00A0C91BC942}") = "umsmsg", "..\..\umsmsg\prjvs2010\umsmsg.vcxproj", "{011361FE-694E-469A-AAA8-2D413F12A528}"
EndProject
Project("{8BC9CEB8-8B4A-11D0-8D11-00A0C91BC942}") = "umssipadapter", "..\..\umssipadapter\prjvs2010\umssipadapter.vcxproj", "{C61E8246-43AF-41C5-9AB1-7E91C8C374B1}"
EndProject
Project("{8BC9CEB8-8B4A-11D0-8D11-00A0C91BC942}") = "tpaddrmgr", "..\..\..\t0-luna\tpaddrmgr\prjvs2010\tpaddrmgr.vcxproj", "{FB1167EE-849A-4384-BF6E-B03D24DDF483}"
EndProject
Project("{8BC9CEB8-8B4A-11D0-8D11-00A0C91BC942}") = "commonapi", "..\..\..\t0-luna\commonapi\prjvs2010\commonapi.vcxproj", "{EBB3E716-448F-4E79-9184-415B2AE43FE2}"
EndProject
Project("{8BC9CEB8-8B4A-11D0-8D11-00A0C91BC942}") = "umsue", "..\..\umsue\prjvs2010\umsue.vcxproj", "{4F521897-CEEB-45B3-A4F8-82DE40CB58FC}"
EndProject
Project("{8BC9CEB8-8B4A-11D0-8D11-00A0C91BC942}") = "umseqp", "..\..\umseqp\prjvs2010\umseqp.vcxproj", "{A29AB26D-A6A5-4A74-BD1C-0B942CFBD0DA}"
EndProject
Project("{8BC9CEB8-8B4A-11D0-8D11-00A0C91BC942}") = "umsconfig", "..\..\umsconfig\prjvs2010\umsconfig.vcxproj", "{73A50627-C2CC-4234-A16D-F3C74224E5C0}"
EndProject
Project("{8BC9CEB8-8B4A-11D0-8D11-00A0C91BC942}") = "umscall", "..\..\umscall\prjvs2010\umscall.vcxproj", "{9D1B2BE2-3214-451C-B2FC-87B17E528ACA}"
EndProject
Project("{8BC9CEB8-8B4A-11D0-8D11-00A0C91BC942}") = "templatecfg", "..\..\templatecfg\prjvs2010\templatecfg.vcxproj", "{D3122C9A-03E7-418D-9570-F54783D69869}"
EndProject
Project("{8BC9CEB8-8B4A-11D0-8D11-00A0C91BC942}") = "umsserver", "..\..\umsserver\prjvs2010\umsserver.vcxproj", "{7BF13BE3-EC16-492F-B2DC-059C25208667}"
	ProjectSection(ProjectDependencies) = postProject
		{EBB3E716-448F-4E79-9184-415B2AE43FE2} = {EBB3E716-448F-4E79-9184-415B2AE43FE2}
		{5DE8D022-0F21-4903-B0A5-DACAFA46AA13} = {5DE8D022-0F21-4903-B0A5-DACAFA46AA13}
		{73A50627-C2CC-4234-A16D-F3C74224E5C0} = {73A50627-C2CC-4234-A16D-F3C74224E5C0}
		{5540174D-3F3C-456E-BB6B-5D7447C61A60} = {5540174D-3F3C-456E-BB6B-5D7447C61A60}
		{CD3CC260-C3E0-46C7-AEAE-6C727D78E6DA} = {CD3CC260-C3E0-46C7-AEAE-6C727D78E6DA}
		{A29AB26D-A6A5-4A74-BD1C-0B942CFBD0DA} = {A29AB26D-A6A5-4A74-BD1C-0B942CFBD0DA}
		{D6DD4586-031F-637B-8892-277DE4F6214E} = {D6DD4586-031F-637B-8892-277DE4F6214E}
		{4F521897-CEEB-45B3-A4F8-82DE40CB58FC} = {4F521897-CEEB-45B3-A4F8-82DE40CB58FC}
		{D3122C9A-03E7-418D-9570-F54783D69869} = {D3122C9A-03E7-418D-9570-F54783D69869}
		{97E954B3-A0A0-4485-963C-349113855E5A} = {97E954B3-A0A0-4485-963C-349113855E5A}
		{80C575B7-E66D-437D-AE1F-8210FCA98382} = {80C575B7-E66D-437D-AE1F-8210FCA98382}
		{9D1B2BE2-3214-451C-B2FC-87B17E528ACA} = {9D1B2BE2-3214-451C-B2FC-87B17E528ACA}
		{FB1167EE-849A-4384-BF6E-B03D24DDF483} = {FB1167EE-849A-4384-BF6E-B03D24DDF483}
		{011361FE-694E-469A-AAA8-2D413F12A528} = {011361FE-694E-469A-AAA8-2D413F12A528}
	EndProjectSection
EndProject
Project("{8BC9CEB8-8B4A-11D0-8D11-00A0C91BC942}") = "umsnetbuf", "..\..\umsnetbuf\prjvs2010\umsnetbuf.vcxproj", "{496AAA97-6B43-4106-9423-04E856CB2C16}"
EndProject
Project("{8BC9CEB8-8B4A-11D0-8D11-00A0C91BC942}") = "devmgrservice", "..\..\devmgrservice\prjvs2010\devmgrservice.vcxproj", "{8302D419-8325-4AD0-96F1-C1E1B84854E4}"
EndProject
Project("{8BC9CEB8-8B4A-11D0-8D11-00A0C91BC942}") = "log4cplus", "..\..\log4cplus-1.2.0\prj_vs201x\log4cplus.vcxproj", "{A7AD9C6D-DC4B-4266-BFCE-7AC26F3FDEBE}"
EndProject
Project("{8BC9CEB8-8B4A-11D0-8D11-00A0C91BC942}") = "log4cplusclient", "..\..\log4cplusclient\prj_vs201x\log4cplusclient.vcxproj", "{5540174D-3F3C-456E-BB6B-5D7447C61A60}"
EndProject
Project("{8BC9CEB8-8B4A-11D0-8D11-00A0C91BC942}") = "log4cplusserver", "..\..\log4cplusserver\prj_vs201x\log4cplusserver.vcxproj", "{21E7EF06-E776-4A0F-BA25-A762C82AB1BD}"
EndProject
Project("{8BC9CEB8-8B4A-11D0-8D11-00A0C91BC942}") = "xmpueqp", "..\..\xmpueqp\prjvs2010\xmpueqp.vcxproj", "{CD3CC260-C3E0-46C7-AEAE-6C727D78E6DA}"
EndProject
Project("{8BC9CEB8-8B4A-11D0-8D11-00A0C91BC942}") = "log4cplusclientdll", "..\..\log4cplusclient\prj_vs201xdll\log4cplusclientdll.vcxproj", "{5DE8D022-0F21-4903-B0A5-DACAFA46AA13}"
EndProject
Project("{8BC9CEB8-8B4A-11D0-8D11-00A0C91BC942}") = "log4cplusdll", "..\..\log4cplus-1.2.0\prj_vs201xdll\log4cplusdll.vcxproj", "{FAD227FA-7DE4-486A-A333-DD997D946685}"
EndProject
Project("{8BC9CEB8-8B4A-11D0-8D11-00A0C91BC942}") = "readlicenselib", "..\..\..\t0-luna\readlicenselib\prj_vs2010\readlicenselib.vcxproj", "{D6DD4586-031F-637B-8892-277DE4F6214E}"
EndProject
Project("{8BC9CEB8-8B4A-11D0-8D11-00A0C91BC942}") = "umsmediatrans", "..\..\umsmediatrans\prjvs2010\umsmediatrans.vcxproj", "{7178E96D-2C93-47D5-BFB9-96FF5C42369F}"
EndProject
Project("{8BC9CEB8-8B4A-11D0-8D11-00A0C91BC942}") = "tpsocket", "..\..\..\t0-luna\tpsocket\prj_vs201x\tpsocket.vcxproj", "{EC4BB1E3-7981-4E90-95D7-57FC6E3E99A8}"
EndProject
Project("{8BC9CEB8-8B4A-11D0-8D11-00A0C91BC942}") = "tpsocketdll", "..\..\..\t0-luna\tpsocket\prj_vs201xdll\tpsocketdll.vcxproj", "{E02531A0-786B-4F94-9446-B7B90D758D43}"
EndProject
Global
	GlobalSection(SolutionConfigurationPlatforms) = preSolution
		Debug|Win32 = Debug|Win32
		Release|Win32 = Release|Win32
	EndGlobalSection
	GlobalSection(ProjectConfigurationPlatforms) = postSolution
		{BC88237F-CCFC-4DEA-A504-164A80075F89}.Debug|Win32.ActiveCfg = Debug|Win32
		{BC88237F-CCFC-4DEA-A504-164A80075F89}.Debug|Win32.Build.0 = Debug|Win32
		{BC88237F-CCFC-4DEA-A504-164A80075F89}.Release|Win32.ActiveCfg = Release|Win32
		{BC88237F-CCFC-4DEA-A504-164A80075F89}.Release|Win32.Build.0 = Release|Win32
		{80C575B7-E66D-437D-AE1F-8210FCA98382}.Debug|Win32.ActiveCfg = Debug|Win32
		{80C575B7-E66D-437D-AE1F-8210FCA98382}.Debug|Win32.Build.0 = Debug|Win32
		{80C575B7-E66D-437D-AE1F-8210FCA98382}.Release|Win32.ActiveCfg = Release|Win32
		{80C575B7-E66D-437D-AE1F-8210FCA98382}.Release|Win32.Build.0 = Release|Win32
		{5DE1DFFC-A829-4CAD-BFDA-4A3C0F355F68}.Debug|Win32.ActiveCfg = Debug|Win32
		{5DE1DFFC-A829-4CAD-BFDA-4A3C0F355F68}.Debug|Win32.Build.0 = Debug|Win32
		{5DE1DFFC-A829-4CAD-BFDA-4A3C0F355F68}.Release|Win32.ActiveCfg = Release|Win32
		{5DE1DFFC-A829-4CAD-BFDA-4A3C0F355F68}.Release|Win32.Build.0 = Release|Win32
		{97E954B3-A0A0-4485-963C-349113855E5A}.Debug|Win32.ActiveCfg = Debug|Win32
		{97E954B3-A0A0-4485-963C-349113855E5A}.Debug|Win32.Build.0 = Debug|Win32
		{97E954B3-A0A0-4485-963C-349113855E5A}.Release|Win32.ActiveCfg = Release|Win32
		{97E954B3-A0A0-4485-963C-349113855E5A}.Release|Win32.Build.0 = Release|Win32
		{011361FE-694E-469A-AAA8-2D413F12A528}.Debug|Win32.ActiveCfg = Debug|Win32
		{011361FE-694E-469A-AAA8-2D413F12A528}.Debug|Win32.Build.0 = Debug|Win32
		{011361FE-694E-469A-AAA8-2D413F12A528}.Release|Win32.ActiveCfg = Release|Win32
		{011361FE-694E-469A-AAA8-2D413F12A528}.Release|Win32.Build.0 = Release|Win32
		{C61E8246-43AF-41C5-9AB1-7E91C8C374B1}.Debug|Win32.ActiveCfg = Debug|Win32
		{C61E8246-43AF-41C5-9AB1-7E91C8C374B1}.Debug|Win32.Build.0 = Debug|Win32
		{C61E8246-43AF-41C5-9AB1-7E91C8C374B1}.Release|Win32.ActiveCfg = Release|Win32
		{C61E8246-43AF-41C5-9AB1-7E91C8C374B1}.Release|Win32.Build.0 = Release|Win32
		{FB1167EE-849A-4384-BF6E-B03D24DDF483}.Debug|Win32.ActiveCfg = Debug|Win32
		{FB1167EE-849A-4384-BF6E-B03D24DDF483}.Debug|Win32.Build.0 = Debug|Win32
		{FB1167EE-849A-4384-BF6E-B03D24DDF483}.Release|Win32.ActiveCfg = Release|Win32
		{FB1167EE-849A-4384-BF6E-B03D24DDF483}.Release|Win32.Build.0 = Release|Win32
		{EBB3E716-448F-4E79-9184-415B2AE43FE2}.Debug|Win32.ActiveCfg = Debug|Win32
		{EBB3E716-448F-4E79-9184-415B2AE43FE2}.Debug|Win32.Build.0 = Debug|Win32
		{EBB3E716-448F-4E79-9184-415B2AE43FE2}.Release|Win32.ActiveCfg = Release|Win32
		{EBB3E716-448F-4E79-9184-415B2AE43FE2}.Release|Win32.Build.0 = Release|Win32
		{4F521897-CEEB-45B3-A4F8-82DE40CB58FC}.Debug|Win32.ActiveCfg = Debug|Win32
		{4F521897-CEEB-45B3-A4F8-82DE40CB58FC}.Debug|Win32.Build.0 = Debug|Win32
		{4F521897-CEEB-45B3-A4F8-82DE40CB58FC}.Release|Win32.ActiveCfg = Release|Win32
		{4F521897-CEEB-45B3-A4F8-82DE40CB58FC}.Release|Win32.Build.0 = Release|Win32
		{A29AB26D-A6A5-4A74-BD1C-0B942CFBD0DA}.Debug|Win32.ActiveCfg = Debug|Win32
		{A29AB26D-A6A5-4A74-BD1C-0B942CFBD0DA}.Debug|Win32.Build.0 = Debug|Win32
		{A29AB26D-A6A5-4A74-BD1C-0B942CFBD0DA}.Release|Win32.ActiveCfg = Release|Win32
		{A29AB26D-A6A5-4A74-BD1C-0B942CFBD0DA}.Release|Win32.Build.0 = Release|Win32
		{73A50627-C2CC-4234-A16D-F3C74224E5C0}.Debug|Win32.ActiveCfg = Debug|Win32
		{73A50627-C2CC-4234-A16D-F3C74224E5C0}.Debug|Win32.Build.0 = Debug|Win32
		{73A50627-C2CC-4234-A16D-F3C74224E5C0}.Release|Win32.ActiveCfg = Release|Win32
		{73A50627-C2CC-4234-A16D-F3C74224E5C0}.Release|Win32.Build.0 = Release|Win32
		{9D1B2BE2-3214-451C-B2FC-87B17E528ACA}.Debug|Win32.ActiveCfg = Debug|Win32
		{9D1B2BE2-3214-451C-B2FC-87B17E528ACA}.Debug|Win32.Build.0 = Debug|Win32
		{9D1B2BE2-3214-451C-B2FC-87B17E528ACA}.Release|Win32.ActiveCfg = Release|Win32
		{9D1B2BE2-3214-451C-B2FC-87B17E528ACA}.Release|Win32.Build.0 = Release|Win32
		{D3122C9A-03E7-418D-9570-F54783D69869}.Debug|Win32.ActiveCfg = Debug|Win32
		{D3122C9A-03E7-418D-9570-F54783D69869}.Debug|Win32.Build.0 = Debug|Win32
		{D3122C9A-03E7-418D-9570-F54783D69869}.Release|Win32.ActiveCfg = Release|Win32
		{D3122C9A-03E7-418D-9570-F54783D69869}.Release|Win32.Build.0 = Release|Win32
		{7BF13BE3-EC16-492F-B2DC-059C25208667}.Debug|Win32.ActiveCfg = Debug|Win32
		{7BF13BE3-EC16-492F-B2DC-059C25208667}.Debug|Win32.Build.0 = Debug|Win32
		{7BF13BE3-EC16-492F-B2DC-059C25208667}.Release|Win32.ActiveCfg = Release|Win32
		{7BF13BE3-EC16-492F-B2DC-059C25208667}.Release|Win32.Build.0 = Release|Win32
		{496AAA97-6B43-4106-9423-04E856CB2C16}.Debug|Win32.ActiveCfg = Debug|Win32
		{496AAA97-6B43-4106-9423-04E856CB2C16}.Debug|Win32.Build.0 = Debug|Win32
		{496AAA97-6B43-4106-9423-04E856CB2C16}.Release|Win32.ActiveCfg = Release|Win32
		{496AAA97-6B43-4106-9423-04E856CB2C16}.Release|Win32.Build.0 = Release|Win32
		{8302D419-8325-4AD0-96F1-C1E1B84854E4}.Debug|Win32.ActiveCfg = Debug|Win32
		{8302D419-8325-4AD0-96F1-C1E1B84854E4}.Debug|Win32.Build.0 = Debug|Win32
		{8302D419-8325-4AD0-96F1-C1E1B84854E4}.Release|Win32.ActiveCfg = Release|Win32
		{8302D419-8325-4AD0-96F1-C1E1B84854E4}.Release|Win32.Build.0 = Release|Win32
		{A7AD9C6D-DC4B-4266-BFCE-7AC26F3FDEBE}.Debug|Win32.ActiveCfg = Debug|Win32
		{A7AD9C6D-DC4B-4266-BFCE-7AC26F3FDEBE}.Debug|Win32.Build.0 = Debug|Win32
		{A7AD9C6D-DC4B-4266-BFCE-7AC26F3FDEBE}.Release|Win32.ActiveCfg = Release|Win32
		{A7AD9C6D-DC4B-4266-BFCE-7AC26F3FDEBE}.Release|Win32.Build.0 = Release|Win32
		{5540174D-3F3C-456E-BB6B-5D7447C61A60}.Debug|Win32.ActiveCfg = Debug|Win32
		{5540174D-3F3C-456E-BB6B-5D7447C61A60}.Debug|Win32.Build.0 = Debug|Win32
		{5540174D-3F3C-456E-BB6B-5D7447C61A60}.Release|Win32.ActiveCfg = Release|Win32
		{5540174D-3F3C-456E-BB6B-5D7447C61A60}.Release|Win32.Build.0 = Release|Win32
		{21E7EF06-E776-4A0F-BA25-A762C82AB1BD}.Debug|Win32.ActiveCfg = Debug|Win32
		{21E7EF06-E776-4A0F-BA25-A762C82AB1BD}.Debug|Win32.Build.0 = Debug|Win32
		{21E7EF06-E776-4A0F-BA25-A762C82AB1BD}.Release|Win32.ActiveCfg = Release|Win32
		{21E7EF06-E776-4A0F-BA25-A762C82AB1BD}.Release|Win32.Build.0 = Release|Win32
		{CD3CC260-C3E0-46C7-AEAE-6C727D78E6DA}.Debug|Win32.ActiveCfg = Debug|Win32
		{CD3CC260-C3E0-46C7-AEAE-6C727D78E6DA}.Debug|Win32.Build.0 = Debug|Win32
		{CD3CC260-C3E0-46C7-AEAE-6C727D78E6DA}.Release|Win32.ActiveCfg = Release|Win32
		{CD3CC260-C3E0-46C7-AEAE-6C727D78E6DA}.Release|Win32.Build.0 = Release|Win32
		{5DE8D022-0F21-4903-B0A5-DACAFA46AA13}.Debug|Win32.ActiveCfg = Debug|Win32
		{5DE8D022-0F21-4903-B0A5-DACAFA46AA13}.Debug|Win32.Build.0 = Debug|Win32
		{5DE8D022-0F21-4903-B0A5-DACAFA46AA13}.Release|Win32.ActiveCfg = Release|Win32
		{5DE8D022-0F21-4903-B0A5-DACAFA46AA13}.Release|Win32.Build.0 = Release|Win32
		{FAD227FA-7DE4-486A-A333-DD997D946685}.Debug|Win32.ActiveCfg = Debug|Win32
		{FAD227FA-7DE4-486A-A333-DD997D946685}.Debug|Win32.Build.0 = Debug|Win32
		{FAD227FA-7DE4-486A-A333-DD997D946685}.Release|Win32.ActiveCfg = Release|Win32
		{FAD227FA-7DE4-486A-A333-DD997D946685}.Release|Win32.Build.0 = Release|Win32
		{D6DD4586-031F-637B-8892-277DE4F6214E}.Debug|Win32.ActiveCfg = Debug|Win32
		{D6DD4586-031F-637B-8892-277DE4F6214E}.Debug|Win32.Build.0 = Debug|Win32
		{D6DD4586-031F-637B-8892-277DE4F6214E}.Release|Win32.ActiveCfg = Release|Win32
		{D6DD4586-031F-637B-8892-277DE4F6214E}.Release|Win32.Build.0 = Release|Win32
		{7178E96D-2C93-47D5-BFB9-96FF5C42369F}.Debug|Win32.ActiveCfg = Debug|Win32
		{7178E96D-2C93-47D5-BFB9-96FF5C42369F}.Debug|Win32.Build.0 = Debug|Win32
		{7178E96D-2C93-47D5-BFB9-96FF5C42369F}.Release|Win32.ActiveCfg = Release|Win32
		{7178E96D-2C93-47D5-BFB9-96FF5C42369F}.Release|Win32.Build.0 = Release|Win32
		{EC4BB1E3-7981-4E90-95D7-57FC6E3E99A8}.Debug|Win32.ActiveCfg = Debug|Win32
		{EC4BB1E3-7981-4E90-95D7-57FC6E3E99A8}.Debug|Win32.Build.0 = Debug|Win32
		{EC4BB1E3-7981-4E90-95D7-57FC6E3E99A8}.Release|Win32.ActiveCfg = Release|Win32
		{EC4BB1E3-7981-4E90-95D7-57FC6E3E99A8}.Release|Win32.Build.0 = Release|Win32
		{E02531A0-786B-4F94-9446-B7B90D758D43}.Debug|Win32.ActiveCfg = Debug|Win32
		{E02531A0-786B-4F94-9446-B7B90D758D43}.Debug|Win32.Build.0 = Debug|Win32
		{E02531A0-786B-4F94-9446-B7B90D758D43}.Release|Win32.ActiveCfg = Release|Win32
		{E02531A0-786B-4F94-9446-B7B90D758D43}.Release|Win32.Build.0 = Release|Win32
	EndGlobalSection
	GlobalSection(SolutionProperties) = preSolution
		HideSolutionNode = FALSE
	EndGlobalSection
EndGlobal
