<?xml version="1.0" encoding="utf-8"?>
<Project ToolsVersion="4.0" xmlns="http://schemas.microsoft.com/developer/msbuild/2003">
  <ItemGroup>
    <Filter Include="源文件">
      <UniqueIdentifier>{4FC737F1-C7A5-4376-A066-2A32D752A2FF}</UniqueIdentifier>
      <Extensions>cpp;c;cc;cxx;def;odl;idl;hpj;bat;asm;asmx</Extensions>
    </Filter>
    <Filter Include="头文件">
      <UniqueIdentifier>{93995380-89BD-4b04-88EB-625FBE52EBFB}</UniqueIdentifier>
      <Extensions>h;hpp;hxx;hm;inl;inc;xsd</Extensions>
    </Filter>
    <Filter Include="资源文件">
      <UniqueIdentifier>{67DA6AB6-F800-4c08-8B7A-83BB121AAD01}</UniqueIdentifier>
      <Extensions>rc;ico;cur;bmp;dlg;rc2;rct;bin;rgs;gif;jpg;jpeg;jpe;resx;tiff;tif;png;wav;mfcribbon-ms</Extensions>
    </Filter>
  </ItemGroup>
  <ItemGroup>
    <ClCompile Include="..\source\adaptereqp.cpp">
      <Filter>源文件</Filter>
    </ClCompile>
    <ClCompile Include="..\source\audbaseqp.cpp">
      <Filter>源文件</Filter>
    </ClCompile>
    <ClCompile Include="..\source\audbashandler.cpp">
      <Filter>源文件</Filter>
    </ClCompile>
    <ClCompile Include="..\source\audiomixeqp.cpp">
      <Filter>源文件</Filter>
    </ClCompile>
    <ClCompile Include="..\source\audmixhandler.cpp">
      <Filter>源文件</Filter>
    </ClCompile>
    <ClCompile Include="..\source\baseqp.cpp">
      <Filter>源文件</Filter>
    </ClCompile>
    <ClCompile Include="..\source\eqpinst.cpp">
      <Filter>源文件</Filter>
    </ClCompile>
    <ClCompile Include="..\source\eqpinterface.cpp">
      <Filter>源文件</Filter>
    </ClCompile>
    <ClCompile Include="..\source\eqpmgr.cpp">
      <Filter>源文件</Filter>
    </ClCompile>
    <ClCompile Include="..\source\hdueqp.cpp">
      <Filter>源文件</Filter>
    </ClCompile>
    <ClCompile Include="..\source\hduhandler.cpp">
      <Filter>源文件</Filter>
    </ClCompile>
    <ClCompile Include="..\source\mcuboardmgr.cpp">
      <Filter>源文件</Filter>
    </ClCompile>
    <ClCompile Include="..\source\mcuinstdef.cpp">
      <Filter>源文件</Filter>
    </ClCompile>
    <ClCompile Include="..\source\mediatranseqp.cpp">
      <Filter>源文件</Filter>
    </ClCompile>
    <ClCompile Include="..\source\mpceqp.cpp">
      <Filter>源文件</Filter>
    </ClCompile>
    <ClCompile Include="..\source\mpu2tpeqp.cpp">
      <Filter>源文件</Filter>
    </ClCompile>
    <ClCompile Include="..\source\netbufeqp.cpp">
      <Filter>源文件</Filter>
    </ClCompile>
    <ClCompile Include="..\source\umseqp.cpp">
      <Filter>源文件</Filter>
    </ClCompile>
    <ClCompile Include="..\source\vmpeqp.cpp">
      <Filter>源文件</Filter>
    </ClCompile>
  </ItemGroup>
  <ItemGroup>
    <ClInclude Include="..\include\adaptereqp.h">
      <Filter>头文件</Filter>
    </ClInclude>
    <ClInclude Include="..\include\audbaseqp.h">
      <Filter>头文件</Filter>
    </ClInclude>
    <ClInclude Include="..\include\audbashandler.h">
      <Filter>头文件</Filter>
    </ClInclude>
    <ClInclude Include="..\include\audiomixeqp.h">
      <Filter>头文件</Filter>
    </ClInclude>
    <ClInclude Include="..\include\audmixhandler.h">
      <Filter>头文件</Filter>
    </ClInclude>
    <ClInclude Include="..\include\baseqp.h">
      <Filter>头文件</Filter>
    </ClInclude>
    <ClInclude Include="..\include\eqpinst.h">
      <Filter>头文件</Filter>
    </ClInclude>
    <ClInclude Include="..\include\eqpmgr.h">
      <Filter>头文件</Filter>
    </ClInclude>
    <ClInclude Include="..\include\hdudef.h">
      <Filter>头文件</Filter>
    </ClInclude>
    <ClInclude Include="..\include\hdueqp.h">
      <Filter>头文件</Filter>
    </ClInclude>
    <ClInclude Include="..\include\hduhandler.h">
      <Filter>头文件</Filter>
    </ClInclude>
    <ClInclude Include="..\include\mcuboardmgr.h">
      <Filter>头文件</Filter>
    </ClInclude>
    <ClInclude Include="..\include\mcudef.h">
      <Filter>头文件</Filter>
    </ClInclude>
    <ClInclude Include="..\include\mcuinstdef.h">
      <Filter>头文件</Filter>
    </ClInclude>
    <ClInclude Include="..\include\mediatranseqp.h">
      <Filter>头文件</Filter>
    </ClInclude>
    <ClInclude Include="..\include\mpceqp.h">
      <Filter>头文件</Filter>
    </ClInclude>
    <ClInclude Include="..\include\mpu2tpeqp.h">
      <Filter>头文件</Filter>
    </ClInclude>
    <ClInclude Include="..\include\netbufeqp.h">
      <Filter>头文件</Filter>
    </ClInclude>
    <ClInclude Include="..\include\servicehandler.h">
      <Filter>头文件</Filter>
    </ClInclude>
    <ClInclude Include="..\include\umseqp.h">
      <Filter>头文件</Filter>
    </ClInclude>
    <ClInclude Include="..\include\vmpeqp.h">
      <Filter>头文件</Filter>
    </ClInclude>
  </ItemGroup>
</Project>