<?xml version="1.0" encoding="utf-8"?>
<Project ToolsVersion="4.0" xmlns="http://schemas.microsoft.com/developer/msbuild/2003">
  <ItemGroup>
    <Filter Include="源文件">
      <UniqueIdentifier>{4FC737F1-C7A5-4376-A066-2A32D752A2FF}</UniqueIdentifier>
      <Extensions>cpp;c;cc;cxx;def;odl;idl;hpj;bat;asm;asmx</Extensions>
    </Filter>
    <Filter Include="头文件">
      <UniqueIdentifier>{93995380-89BD-4b04-88EB-625FBE52EBFB}</UniqueIdentifier>
      <Extensions>h;hpp;hxx;hm;inl;inc;xsd</Extensions>
    </Filter>
    <Filter Include="资源文件">
      <UniqueIdentifier>{67DA6AB6-F800-4c08-8B7A-83BB121AAD01}</UniqueIdentifier>
      <Extensions>rc;ico;cur;bmp;dlg;rc2;rct;bin;rgs;gif;jpg;jpeg;jpe;resx;tiff;tif;png;wav;mfcribbon-ms</Extensions>
    </Filter>
  </ItemGroup>
  <ItemGroup>
    <ClCompile Include="..\source\appender.cpp">
      <Filter>源文件</Filter>
    </ClCompile>
    <ClCompile Include="..\source\appenderattachableimpl.cpp">
      <Filter>源文件</Filter>
    </ClCompile>
    <ClCompile Include="..\source\asyncappender.cpp">
      <Filter>源文件</Filter>
    </ClCompile>
    <ClCompile Include="..\source\clfsappender.cpp">
      <Filter>源文件</Filter>
    </ClCompile>
    <ClCompile Include="..\source\clogger.cpp">
      <Filter>源文件</Filter>
    </ClCompile>
    <ClCompile Include="..\source\configurator.cpp">
      <Filter>源文件</Filter>
    </ClCompile>
    <ClCompile Include="..\source\connectorthread.cpp">
      <Filter>源文件</Filter>
    </ClCompile>
    <ClCompile Include="..\source\consoleappender.cpp">
      <Filter>源文件</Filter>
    </ClCompile>
    <ClCompile Include="..\source\cygwin-win32.cpp">
      <Filter>源文件</Filter>
    </ClCompile>
    <ClCompile Include="..\source\env.cpp">
      <Filter>源文件</Filter>
    </ClCompile>
    <ClCompile Include="..\source\factory.cpp">
      <Filter>源文件</Filter>
    </ClCompile>
    <ClCompile Include="..\source\fileappender.cpp">
      <Filter>源文件</Filter>
    </ClCompile>
    <ClCompile Include="..\source\fileinfo.cpp">
      <Filter>源文件</Filter>
    </ClCompile>
    <ClCompile Include="..\source\filter.cpp">
      <Filter>源文件</Filter>
    </ClCompile>
    <ClCompile Include="..\source\global-init.cpp">
      <Filter>源文件</Filter>
    </ClCompile>
    <ClCompile Include="..\source\hierarchy.cpp">
      <Filter>源文件</Filter>
    </ClCompile>
    <ClCompile Include="..\source\hierarchylocker.cpp">
      <Filter>源文件</Filter>
    </ClCompile>
    <ClCompile Include="..\source\layout.cpp">
      <Filter>源文件</Filter>
    </ClCompile>
    <ClCompile Include="..\source\lockfile.cpp">
      <Filter>源文件</Filter>
    </ClCompile>
    <ClCompile Include="..\source\log4judpappender.cpp">
      <Filter>源文件</Filter>
    </ClCompile>
    <ClCompile Include="..\source\logger.cpp">
      <Filter>源文件</Filter>
    </ClCompile>
    <ClCompile Include="..\source\loggerimpl.cpp">
      <Filter>源文件</Filter>
    </ClCompile>
    <ClCompile Include="..\source\loggingevent.cpp">
      <Filter>源文件</Filter>
    </ClCompile>
    <ClCompile Include="..\source\loggingmacros.cpp">
      <Filter>源文件</Filter>
    </ClCompile>
    <ClCompile Include="..\source\loglevel.cpp">
      <Filter>源文件</Filter>
    </ClCompile>
    <ClCompile Include="..\source\loglog.cpp">
      <Filter>源文件</Filter>
    </ClCompile>
    <ClCompile Include="..\source\logloguser.cpp">
      <Filter>源文件</Filter>
    </ClCompile>
    <ClCompile Include="..\source\mdc.cpp">
      <Filter>源文件</Filter>
    </ClCompile>
    <ClCompile Include="..\source\msttsappender.cpp">
      <Filter>源文件</Filter>
    </ClCompile>
    <ClCompile Include="..\source\ndc.cpp">
      <Filter>源文件</Filter>
    </ClCompile>
    <ClCompile Include="..\source\nteventlogappender.cpp">
      <Filter>源文件</Filter>
    </ClCompile>
    <ClCompile Include="..\source\nullappender.cpp">
      <Filter>源文件</Filter>
    </ClCompile>
    <ClCompile Include="..\source\objectregistry.cpp">
      <Filter>源文件</Filter>
    </ClCompile>
    <ClCompile Include="..\source\patternlayout.cpp">
      <Filter>源文件</Filter>
    </ClCompile>
    <ClCompile Include="..\source\pointer.cpp">
      <Filter>源文件</Filter>
    </ClCompile>
    <ClCompile Include="..\source\property.cpp">
      <Filter>源文件</Filter>
    </ClCompile>
    <ClCompile Include="..\source\queue.cpp">
      <Filter>源文件</Filter>
    </ClCompile>
    <ClCompile Include="..\source\rootlogger.cpp">
      <Filter>源文件</Filter>
    </ClCompile>
    <ClCompile Include="..\source\sleep.cpp">
      <Filter>源文件</Filter>
    </ClCompile>
    <ClCompile Include="..\source\snprintf.cpp">
      <Filter>源文件</Filter>
    </ClCompile>
    <ClCompile Include="..\source\socket.cpp">
      <Filter>源文件</Filter>
    </ClCompile>
    <ClCompile Include="..\source\socketappender.cpp">
      <Filter>源文件</Filter>
    </ClCompile>
    <ClCompile Include="..\source\socketbuffer.cpp">
      <Filter>源文件</Filter>
    </ClCompile>
    <ClCompile Include="..\source\socket-unix.cpp">
      <Filter>源文件</Filter>
    </ClCompile>
    <ClCompile Include="..\source\socket-win32.cpp">
      <Filter>源文件</Filter>
    </ClCompile>
    <ClCompile Include="..\source\stringhelper.cpp">
      <Filter>源文件</Filter>
    </ClCompile>
    <ClCompile Include="..\source\stringhelper-clocale.cpp">
      <Filter>源文件</Filter>
    </ClCompile>
    <ClCompile Include="..\source\stringhelper-cxxlocale.cpp">
      <Filter>源文件</Filter>
    </ClCompile>
    <ClCompile Include="..\source\stringhelper-iconv.cpp">
      <Filter>源文件</Filter>
    </ClCompile>
    <ClCompile Include="..\source\syncprims.cpp">
      <Filter>源文件</Filter>
    </ClCompile>
    <ClCompile Include="..\source\syslogappender.cpp">
      <Filter>源文件</Filter>
    </ClCompile>
    <ClCompile Include="..\source\threads.cpp">
      <Filter>源文件</Filter>
    </ClCompile>
    <ClCompile Include="..\source\timehelper.cpp">
      <Filter>源文件</Filter>
    </ClCompile>
    <ClCompile Include="..\source\tls.cpp">
      <Filter>源文件</Filter>
    </ClCompile>
    <ClCompile Include="..\source\version.cpp">
      <Filter>源文件</Filter>
    </ClCompile>
    <ClCompile Include="..\source\win32consoleappender.cpp">
      <Filter>源文件</Filter>
    </ClCompile>
    <ClCompile Include="..\source\win32debugappender.cpp">
      <Filter>源文件</Filter>
    </ClCompile>
  </ItemGroup>
</Project>