
Microsoft Visual Studio Solution File, Format Version 11.00
# Visual Studio 2010
Project("{8BC9CEB8-8B4A-11D0-8D11-00A0C91BC942}") = "demotest", "demotest.vcxproj", "{BC88237F-CCFC-4DEA-A504-164A80075F89}"
	ProjectSection(ProjectDependencies) = postProject
		{21E7EF06-E776-4A0F-BA25-A762C82AB1BD} = {21E7EF06-E776-4A0F-BA25-A762C82AB1BD}
		{F96C9419-23E0-4D38-89DF-5ECAC45B9842} = {F96C9419-23E0-4D38-89DF-5ECAC45B9842}
		{5DE8D022-0F21-4903-B0A5-DACAFA46AA13} = {5DE8D022-0F21-4903-B0A5-DACAFA46AA13}
		{6AABE830-EA6D-41D3-A197-97027DE982DB} = {6AABE830-EA6D-41D3-A197-97027DE982DB}
		{5540174D-3F3C-456E-BB6B-5D7447C61A60} = {5540174D-3F3C-456E-BB6B-5D7447C61A60}
		{C212A565-7059-4289-93D6-848A2E891627} = {C212A565-7059-4289-93D6-848A2E891627}
		{61A1CB67-FB8A-412A-A777-A691DB1C435E} = {61A1CB67-FB8A-412A-A777-A691DB1C435E}
		{A7AD9C6D-DC4B-4266-BFCE-7AC26F3FDEBE} = {A7AD9C6D-DC4B-4266-BFCE-7AC26F3FDEBE}
		{FAD227FA-7DE4-486A-A333-DD997D946685} = {FAD227FA-7DE4-486A-A333-DD997D946685}
	EndProjectSection
EndProject
Project("{8BC9CEB8-8B4A-11D0-8D11-00A0C91BC942}") = "log4cplus", "..\..\log4cplus-1.2.0\prj_vs201x\log4cplus.vcxproj", "{A7AD9C6D-DC4B-4266-BFCE-7AC26F3FDEBE}"
EndProject
Project("{8BC9CEB8-8B4A-11D0-8D11-00A0C91BC942}") = "log4cplusclient", "..\..\log4cplusclient\prj_vs201x\log4cplusclient.vcxproj", "{5540174D-3F3C-456E-BB6B-5D7447C61A60}"
EndProject
Project("{8BC9CEB8-8B4A-11D0-8D11-00A0C91BC942}") = "protobuf", "..\..\protobuf-2.5.0\prj_vs201x\protobuf.vcxproj", "{C212A565-7059-4289-93D6-848A2E891627}"
EndProject
Project("{8BC9CEB8-8B4A-11D0-8D11-00A0C91BC942}") = "protobufmsg", "..\..\protobufmsg\prj_vs201x\protobufmsg.vcxproj", "{6AABE830-EA6D-41D3-A197-97027DE982DB}"
EndProject
Project("{8BC9CEB8-8B4A-11D0-8D11-00A0C91BC942}") = "log4cplusserver", "..\..\log4cplusserver\prj_vs201x\log4cplusserver.vcxproj", "{21E7EF06-E776-4A0F-BA25-A762C82AB1BD}"
	ProjectSection(ProjectDependencies) = postProject
		{A7AD9C6D-DC4B-4266-BFCE-7AC26F3FDEBE} = {A7AD9C6D-DC4B-4266-BFCE-7AC26F3FDEBE}
	EndProjectSection
EndProject
Project("{8BC9CEB8-8B4A-11D0-8D11-00A0C91BC942}") = "log4cplusclientdll", "..\..\log4cplusclient\prj_vs201xdll\log4cplusclientdll.vcxproj", "{5DE8D022-0F21-4903-B0A5-DACAFA46AA13}"
	ProjectSection(ProjectDependencies) = postProject
		{A7AD9C6D-DC4B-4266-BFCE-7AC26F3FDEBE} = {A7AD9C6D-DC4B-4266-BFCE-7AC26F3FDEBE}
	EndProjectSection
EndProject
Project("{8BC9CEB8-8B4A-11D0-8D11-00A0C91BC942}") = "protobufmsgdll", "..\..\protobufmsg\prj_vs201xdll\protobufmsgdll.vcxproj", "{61A1CB67-FB8A-412A-A777-A691DB1C435E}"
	ProjectSection(ProjectDependencies) = postProject
		{5DE8D022-0F21-4903-B0A5-DACAFA46AA13} = {5DE8D022-0F21-4903-B0A5-DACAFA46AA13}
		{C212A565-7059-4289-93D6-848A2E891627} = {C212A565-7059-4289-93D6-848A2E891627}
		{A7AD9C6D-DC4B-4266-BFCE-7AC26F3FDEBE} = {A7AD9C6D-DC4B-4266-BFCE-7AC26F3FDEBE}
	EndProjectSection
EndProject
Project("{8BC9CEB8-8B4A-11D0-8D11-00A0C91BC942}") = "log4cplusdll", "..\..\log4cplus-1.2.0\prj_vs201xdll\log4cplusdll.vcxproj", "{FAD227FA-7DE4-486A-A333-DD997D946685}"
EndProject
Project("{8BC9CEB8-8B4A-11D0-8D11-00A0C91BC942}") = "protobufdll", "..\..\protobuf-2.5.0\prj_vs201xdll\protobufdll.vcxproj", "{F96C9419-23E0-4D38-89DF-5ECAC45B9842}"
EndProject
Global
	GlobalSection(SolutionConfigurationPlatforms) = preSolution
		Debug|Win32 = Debug|Win32
		Release|Win32 = Release|Win32
	EndGlobalSection
	GlobalSection(ProjectConfigurationPlatforms) = postSolution
		{BC88237F-CCFC-4DEA-A504-164A80075F89}.Debug|Win32.ActiveCfg = Debug|Win32
		{BC88237F-CCFC-4DEA-A504-164A80075F89}.Debug|Win32.Build.0 = Debug|Win32
		{BC88237F-CCFC-4DEA-A504-164A80075F89}.Release|Win32.ActiveCfg = Release|Win32
		{BC88237F-CCFC-4DEA-A504-164A80075F89}.Release|Win32.Build.0 = Release|Win32
		{A7AD9C6D-DC4B-4266-BFCE-7AC26F3FDEBE}.Debug|Win32.ActiveCfg = Debug|Win32
		{A7AD9C6D-DC4B-4266-BFCE-7AC26F3FDEBE}.Debug|Win32.Build.0 = Debug|Win32
		{A7AD9C6D-DC4B-4266-BFCE-7AC26F3FDEBE}.Release|Win32.ActiveCfg = Release|Win32
		{A7AD9C6D-DC4B-4266-BFCE-7AC26F3FDEBE}.Release|Win32.Build.0 = Release|Win32
		{5540174D-3F3C-456E-BB6B-5D7447C61A60}.Debug|Win32.ActiveCfg = Debug|Win32
		{5540174D-3F3C-456E-BB6B-5D7447C61A60}.Debug|Win32.Build.0 = Debug|Win32
		{5540174D-3F3C-456E-BB6B-5D7447C61A60}.Release|Win32.ActiveCfg = Release|Win32
		{5540174D-3F3C-456E-BB6B-5D7447C61A60}.Release|Win32.Build.0 = Release|Win32
		{C212A565-7059-4289-93D6-848A2E891627}.Debug|Win32.ActiveCfg = Debug|Win32
		{C212A565-7059-4289-93D6-848A2E891627}.Debug|Win32.Build.0 = Debug|Win32
		{C212A565-7059-4289-93D6-848A2E891627}.Release|Win32.ActiveCfg = Release|Win32
		{C212A565-7059-4289-93D6-848A2E891627}.Release|Win32.Build.0 = Release|Win32
		{6AABE830-EA6D-41D3-A197-97027DE982DB}.Debug|Win32.ActiveCfg = Debug|Win32
		{6AABE830-EA6D-41D3-A197-97027DE982DB}.Debug|Win32.Build.0 = Debug|Win32
		{6AABE830-EA6D-41D3-A197-97027DE982DB}.Release|Win32.ActiveCfg = Release|Win32
		{6AABE830-EA6D-41D3-A197-97027DE982DB}.Release|Win32.Build.0 = Release|Win32
		{21E7EF06-E776-4A0F-BA25-A762C82AB1BD}.Debug|Win32.ActiveCfg = Debug|Win32
		{21E7EF06-E776-4A0F-BA25-A762C82AB1BD}.Debug|Win32.Build.0 = Debug|Win32
		{21E7EF06-E776-4A0F-BA25-A762C82AB1BD}.Release|Win32.ActiveCfg = Release|Win32
		{21E7EF06-E776-4A0F-BA25-A762C82AB1BD}.Release|Win32.Build.0 = Release|Win32
		{5DE8D022-0F21-4903-B0A5-DACAFA46AA13}.Debug|Win32.ActiveCfg = Debug|Win32
		{5DE8D022-0F21-4903-B0A5-DACAFA46AA13}.Debug|Win32.Build.0 = Debug|Win32
		{5DE8D022-0F21-4903-B0A5-DACAFA46AA13}.Release|Win32.ActiveCfg = Release|Win32
		{5DE8D022-0F21-4903-B0A5-DACAFA46AA13}.Release|Win32.Build.0 = Release|Win32
		{61A1CB67-FB8A-412A-A777-A691DB1C435E}.Debug|Win32.ActiveCfg = Debug|Win32
		{61A1CB67-FB8A-412A-A777-A691DB1C435E}.Debug|Win32.Build.0 = Debug|Win32
		{61A1CB67-FB8A-412A-A777-A691DB1C435E}.Release|Win32.ActiveCfg = Release|Win32
		{61A1CB67-FB8A-412A-A777-A691DB1C435E}.Release|Win32.Build.0 = Release|Win32
		{FAD227FA-7DE4-486A-A333-DD997D946685}.Debug|Win32.ActiveCfg = Debug|Win32
		{FAD227FA-7DE4-486A-A333-DD997D946685}.Debug|Win32.Build.0 = Debug|Win32
		{FAD227FA-7DE4-486A-A333-DD997D946685}.Release|Win32.ActiveCfg = Release|Win32
		{FAD227FA-7DE4-486A-A333-DD997D946685}.Release|Win32.Build.0 = Release|Win32
		{F96C9419-23E0-4D38-89DF-5ECAC45B9842}.Debug|Win32.ActiveCfg = Debug|Win32
		{F96C9419-23E0-4D38-89DF-5ECAC45B9842}.Debug|Win32.Build.0 = Debug|Win32
		{F96C9419-23E0-4D38-89DF-5ECAC45B9842}.Release|Win32.ActiveCfg = Release|Win32
		{F96C9419-23E0-4D38-89DF-5ECAC45B9842}.Release|Win32.Build.0 = Release|Win32
	EndGlobalSection
	GlobalSection(SolutionProperties) = preSolution
		HideSolutionNode = FALSE
	EndGlobalSection
EndGlobal
