<?xml version="1.0" encoding="utf-8"?>
<Project ToolsVersion="4.0" xmlns="http://schemas.microsoft.com/developer/msbuild/2003">
  <ItemGroup>
    <Filter Include="源文件">
      <UniqueIdentifier>{4FC737F1-C7A5-4376-A066-2A32D752A2FF}</UniqueIdentifier>
      <Extensions>cpp;c;cc;cxx;def;odl;idl;hpj;bat;asm;asmx</Extensions>
    </Filter>
    <Filter Include="头文件">
      <UniqueIdentifier>{93995380-89BD-4b04-88EB-625FBE52EBFB}</UniqueIdentifier>
      <Extensions>h;hpp;hxx;hm;inl;inc;xsd</Extensions>
    </Filter>
    <Filter Include="资源文件">
      <UniqueIdentifier>{67DA6AB6-F800-4c08-8B7A-83BB121AAD01}</UniqueIdentifier>
      <Extensions>rc;ico;cur;bmp;dlg;rc2;rct;bin;rgs;gif;jpg;jpeg;jpe;resx;tiff;tif;png;wav;mfcribbon-ms</Extensions>
    </Filter>
  </ItemGroup>
  <ItemGroup>
    <ClCompile Include="..\source\coded_stream.cc">
      <Filter>源文件</Filter>
    </ClCompile>
    <ClCompile Include="..\source\common.cc">
      <Filter>源文件</Filter>
    </ClCompile>
    <ClCompile Include="..\source\descriptor.cc">
      <Filter>源文件</Filter>
    </ClCompile>
    <ClCompile Include="..\source\descriptor.pb.cc">
      <Filter>源文件</Filter>
    </ClCompile>
    <ClCompile Include="..\source\descriptor_database.cc">
      <Filter>源文件</Filter>
    </ClCompile>
    <ClCompile Include="..\source\dynamic_message.cc">
      <Filter>源文件</Filter>
    </ClCompile>
    <ClCompile Include="..\source\extension_set.cc">
      <Filter>源文件</Filter>
    </ClCompile>
    <ClCompile Include="..\source\extension_set_heavy.cc">
      <Filter>源文件</Filter>
    </ClCompile>
    <ClCompile Include="..\source\generated_message_reflection.cc">
      <Filter>源文件</Filter>
    </ClCompile>
    <ClCompile Include="..\source\generated_message_util.cc">
      <Filter>源文件</Filter>
    </ClCompile>
    <ClCompile Include="..\source\gzip_stream.cc">
      <Filter>源文件</Filter>
    </ClCompile>
    <ClCompile Include="..\source\importer.cc">
      <Filter>源文件</Filter>
    </ClCompile>
    <ClCompile Include="..\source\message.cc">
      <Filter>源文件</Filter>
    </ClCompile>
    <ClCompile Include="..\source\message_lite.cc">
      <Filter>源文件</Filter>
    </ClCompile>
    <ClCompile Include="..\source\once.cc">
      <Filter>源文件</Filter>
    </ClCompile>
    <ClCompile Include="..\source\parser.cc">
      <Filter>源文件</Filter>
    </ClCompile>
    <ClCompile Include="..\source\printer.cc">
      <Filter>源文件</Filter>
    </ClCompile>
    <ClCompile Include="..\source\reflection_ops.cc">
      <Filter>源文件</Filter>
    </ClCompile>
    <ClCompile Include="..\source\repeated_field.cc">
      <Filter>源文件</Filter>
    </ClCompile>
    <ClCompile Include="..\source\service.cc">
      <Filter>源文件</Filter>
    </ClCompile>
    <ClCompile Include="..\source\stringprintf.cc">
      <Filter>源文件</Filter>
    </ClCompile>
    <ClCompile Include="..\source\structurally_valid.cc">
      <Filter>源文件</Filter>
    </ClCompile>
    <ClCompile Include="..\source\strutil.cc">
      <Filter>源文件</Filter>
    </ClCompile>
    <ClCompile Include="..\source\substitute.cc">
      <Filter>源文件</Filter>
    </ClCompile>
    <ClCompile Include="..\source\text_format.cc">
      <Filter>源文件</Filter>
    </ClCompile>
    <ClCompile Include="..\source\tokenizer.cc">
      <Filter>源文件</Filter>
    </ClCompile>
    <ClCompile Include="..\source\unknown_field_set.cc">
      <Filter>源文件</Filter>
    </ClCompile>
    <ClCompile Include="..\source\version.cc">
      <Filter>源文件</Filter>
    </ClCompile>
    <ClCompile Include="..\source\wire_format.cc">
      <Filter>源文件</Filter>
    </ClCompile>
    <ClCompile Include="..\source\wire_format_lite.cc">
      <Filter>源文件</Filter>
    </ClCompile>
    <ClCompile Include="..\source\zero_copy_stream.cc">
      <Filter>源文件</Filter>
    </ClCompile>
    <ClCompile Include="..\source\zero_copy_stream_impl.cc">
      <Filter>源文件</Filter>
    </ClCompile>
    <ClCompile Include="..\source\zero_copy_stream_impl_lite.cc">
      <Filter>源文件</Filter>
    </ClCompile>
    <ClCompile Include="..\source\x86_msvc\atomicops_internals_x86_msvc.cc">
      <Filter>源文件</Filter>
    </ClCompile>
  </ItemGroup>
  <ItemGroup>
    <ClInclude Include="..\include\config.h">
      <Filter>头文件</Filter>
    </ClInclude>
    <ClInclude Include="..\..\..\10-common\include\tp\protobuf-2.5.0\google\protobuf\stubs\common.h">
      <Filter>头文件</Filter>
    </ClInclude>
  </ItemGroup>
</Project>